
Microsoft Visual Studio Solution File, Format Version 12.00
# Visual Studio Version 17
VisualStudioVersion = 17.7.34024.191
MinimumVisualStudioVersion = 10.0.40219.1
Project("{FAE04EC0-301F-11D3-BF4B-00C04F79EFBC}") = "Day7_Part1", "Day7_Part1.csproj", "{B5EFE2DD-FDCA-47A4-BE4E-BAF60B2DD7BA}"
EndProject
Project("{FAE04EC0-301F-11D3-BF4B-00C04F79EFBC}") = "Day7_Part2", "..\Day7_Part2\Day7_Part2.csproj", "{760A9A95-98D2-4389-84EC-875ADDAE2EDC}"
EndProject
Global
	GlobalSection(SolutionConfigurationPlatforms) = preSolution
		Debug|Any CPU = Debug|Any CPU
		Release|Any CPU = Release|Any CPU
	EndGlobalSection
	GlobalSection(ProjectConfigurationPlatforms) = postSolution
		{B5EFE2DD-FDCA-47A4-BE4E-BAF60B2DD7BA}.Debug|Any CPU.ActiveCfg = Debug|Any CPU
		{B5EFE2DD-FDCA-47A4-BE4E-BAF60B2DD7BA}.Debug|Any CPU.Build.0 = Debug|Any CPU
		{B5EFE2DD-FDCA-47A4-BE4E-BAF60B2DD7BA}.Release|Any CPU.ActiveCfg = Release|Any CPU
		{B5EFE2DD-FDCA-47A4-BE4E-BAF60B2DD7BA}.Release|Any CPU.Build.0 = Release|Any CPU
		{760A9A95-98D2-4389-84EC-875ADDAE2EDC}.Debug|Any CPU.ActiveCfg = Debug|Any CPU
		{760A9A95-98D2-4389-84EC-875ADDAE2EDC}.Debug|Any CPU.Build.0 = Debug|Any CPU
		{760A9A95-98D2-4389-84EC-875ADDAE2EDC}.Release|Any CPU.ActiveCfg = Release|Any CPU
		{760A9A95-98D2-4389-84EC-875ADDAE2EDC}.Release|Any CPU.Build.0 = Release|Any CPU
	EndGlobalSection
	GlobalSection(SolutionProperties) = preSolution
		HideSolutionNode = FALSE
	EndGlobalSection
	GlobalSection(ExtensibilityGlobals) = postSolution
		SolutionGuid = {DFBB114F-0C14-4C97-BD2B-851315E9EB26}
	EndGlobalSection
EndGlobal
