
Microsoft Visual Studio Solution File, Format Version 12.00
# Visual Studio Version 17
VisualStudioVersion = 17.7.34024.191
MinimumVisualStudioVersion = 10.0.40219.1
Project("{FAE04EC0-301F-11D3-BF4B-00C04F79EFBC}") = "Day8_Part1", "Day8_Part1.csproj", "{5C9502AD-EDEF-4C76-BBEF-36C3C75CB2F9}"
EndProject
Project("{FAE04EC0-301F-11D3-BF4B-00C04F79EFBC}") = "Day8_Part2", "..\Day8_Part2\Day8_Part2.csproj", "{3197B38D-0066-4089-A533-B79DCE2C4EE3}"
EndProject
Global
	GlobalSection(SolutionConfigurationPlatforms) = preSolution
		Debug|Any CPU = Debug|Any CPU
		Release|Any CPU = Release|Any CPU
	EndGlobalSection
	GlobalSection(ProjectConfigurationPlatforms) = postSolution
		{5C9502AD-EDEF-4C76-BBEF-36C3C75CB2F9}.Debug|Any CPU.ActiveCfg = Debug|Any CPU
		{5C9502AD-EDEF-4C76-BBEF-36C3C75CB2F9}.Debug|Any CPU.Build.0 = Debug|Any CPU
		{5C9502AD-EDEF-4C76-BBEF-36C3C75CB2F9}.Release|Any CPU.ActiveCfg = Release|Any CPU
		{5C9502AD-EDEF-4C76-BBEF-36C3C75CB2F9}.Release|Any CPU.Build.0 = Release|Any CPU
		{3197B38D-0066-4089-A533-B79DCE2C4EE3}.Debug|Any CPU.ActiveCfg = Debug|Any CPU
		{3197B38D-0066-4089-A533-B79DCE2C4EE3}.Debug|Any CPU.Build.0 = Debug|Any CPU
		{3197B38D-0066-4089-A533-B79DCE2C4EE3}.Release|Any CPU.ActiveCfg = Release|Any CPU
		{3197B38D-0066-4089-A533-B79DCE2C4EE3}.Release|Any CPU.Build.0 = Release|Any CPU
	EndGlobalSection
	GlobalSection(SolutionProperties) = preSolution
		HideSolutionNode = FALSE
	EndGlobalSection
	GlobalSection(ExtensibilityGlobals) = postSolution
		SolutionGuid = {1419CF9D-0A61-4EF6-8946-B2D88772E49B}
	EndGlobalSection
EndGlobal
