
Microsoft Visual Studio Solution File, Format Version 12.00
# Visual Studio Version 17
VisualStudioVersion = 17.7.34024.191
MinimumVisualStudioVersion = 10.0.40219.1
Project("{FAE04EC0-301F-11D3-BF4B-00C04F79EFBC}") = "Day13", "Day13.csproj", "{93A35594-C0EA-425F-9244-03B95827470B}"
EndProject
Global
	GlobalSection(SolutionConfigurationPlatforms) = preSolution
		Debug|Any CPU = Debug|Any CPU
		Release|Any CPU = Release|Any CPU
	EndGlobalSection
	GlobalSection(ProjectConfigurationPlatforms) = postSolution
		{93A35594-C0EA-425F-9244-03B95827470B}.Debug|Any CPU.ActiveCfg = Debug|Any CPU
		{93A35594-C0EA-425F-9244-03B95827470B}.Debug|Any CPU.Build.0 = Debug|Any CPU
		{93A35594-C0EA-425F-9244-03B95827470B}.Release|Any CPU.ActiveCfg = Release|Any CPU
		{93A35594-C0EA-425F-9244-03B95827470B}.Release|Any CPU.Build.0 = Release|Any CPU
	EndGlobalSection
	GlobalSection(SolutionProperties) = preSolution
		HideSolutionNode = FALSE
	EndGlobalSection
	GlobalSection(ExtensibilityGlobals) = postSolution
		SolutionGuid = {9AA86EC4-E6A1-4CA7-92F5-45CE0AC9CECF}
	EndGlobalSection
EndGlobal
