
Microsoft Visual Studio Solution File, Format Version 12.00
# Visual Studio Version 17
VisualStudioVersion = 17.7.34024.191
MinimumVisualStudioVersion = 10.0.40219.1
Project("{9A19103F-16F7-4668-BE54-9A1E7A4F7556}") = "Day5", "Day5.csproj", "{A6BBBF84-ECFF-4DE0-BB61-9B75B8FBE00B}"
EndProject
Project("{FAE04EC0-301F-11D3-BF4B-00C04F79EFBC}") = "Day5_Part2", "..\Day5_Part2\Day5_Part2.csproj", "{AC589B8D-8B2C-469E-A4A1-7F37A0C7D9A5}"
EndProject
Global
	GlobalSection(SolutionConfigurationPlatforms) = preSolution
		Debug|Any CPU = Debug|Any CPU
		Release|Any CPU = Release|Any CPU
	EndGlobalSection
	GlobalSection(ProjectConfigurationPlatforms) = postSolution
		{A6BBBF84-ECFF-4DE0-BB61-9B75B8FBE00B}.Debug|Any CPU.ActiveCfg = Debug|Any CPU
		{A6BBBF84-ECFF-4DE0-BB61-9B75B8FBE00B}.Debug|Any CPU.Build.0 = Debug|Any CPU
		{A6BBBF84-ECFF-4DE0-BB61-9B75B8FBE00B}.Release|Any CPU.ActiveCfg = Release|Any CPU
		{A6BBBF84-ECFF-4DE0-BB61-9B75B8FBE00B}.Release|Any CPU.Build.0 = Release|Any CPU
		{AC589B8D-8B2C-469E-A4A1-7F37A0C7D9A5}.Debug|Any CPU.ActiveCfg = Debug|Any CPU
		{AC589B8D-8B2C-469E-A4A1-7F37A0C7D9A5}.Debug|Any CPU.Build.0 = Debug|Any CPU
		{AC589B8D-8B2C-469E-A4A1-7F37A0C7D9A5}.Release|Any CPU.ActiveCfg = Release|Any CPU
		{AC589B8D-8B2C-469E-A4A1-7F37A0C7D9A5}.Release|Any CPU.Build.0 = Release|Any CPU
	EndGlobalSection
	GlobalSection(SolutionProperties) = preSolution
		HideSolutionNode = FALSE
	EndGlobalSection
	GlobalSection(ExtensibilityGlobals) = postSolution
		SolutionGuid = {834D5FDB-54F5-40DA-BFC6-9F602E81BFDB}
	EndGlobalSection
EndGlobal
